
Microsoft Visual Studio Solution File, Format Version 12.00
# Visual Studio Version 17
VisualStudioVersion = 17.11.35222.181
MinimumVisualStudioVersion = 10.0.40219.1
Project("{FAE04EC0-301F-11D3-BF4B-00C04F79EFBC}") = "ShoppingCart", "ShoppingCart.csproj", "{F9583AC5-3D94-4090-AEB8-9E9D8012A439}"
EndProject
Global
	GlobalSection(SolutionConfigurationPlatforms) = preSolution
		Debug|Any CPU = Debug|Any CPU
		Release|Any CPU = Release|Any CPU
	EndGlobalSection
	GlobalSection(ProjectConfigurationPlatforms) = postSolution
		{F9583AC5-3D94-4090-AEB8-9E9D8012A439}.Debug|Any CPU.ActiveCfg = Debug|Any CPU
		{F9583AC5-3D94-4090-AEB8-9E9D8012A439}.Debug|Any CPU.Build.0 = Debug|Any CPU
		{F9583AC5-3D94-4090-AEB8-9E9D8012A439}.Release|Any CPU.ActiveCfg = Release|Any CPU
		{F9583AC5-3D94-4090-AEB8-9E9D8012A439}.Release|Any CPU.Build.0 = Release|Any CPU
	EndGlobalSection
	GlobalSection(SolutionProperties) = preSolution
		HideSolutionNode = FALSE
	EndGlobalSection
	GlobalSection(ExtensibilityGlobals) = postSolution
		SolutionGuid = {976E8005-124C-43E2-B1F2-8D51687D1B6C}
	EndGlobalSection
EndGlobal
